// !$*UTF8*$!
{
	archiveVersion = 1;
	classes = {
	};
	objectVersion = 50;
	objects = {

/* Begin PBXBuildFile section */
		493C7F8427394518001C3DAF /* AllcubesView.swift in Sources */ = {isa = PBXBuildFile; fileRef = 493C7F8327394518001C3DAF /* AllcubesView.swift */; };
		493C7F8727395D81001C3DAF /* AnimationView.swift in Sources */ = {isa = PBXBuildFile; fileRef = 493C7F8627395D81001C3DAF /* AnimationView.swift */; };
		499228AA2738B73D00D3DA48 /* Cube_IntroductionApp.swift in Sources */ = {isa = PBXBuildFile; fileRef = 499228A92738B73D00D3DA48 /* Cube_IntroductionApp.swift */; };
		499228AC2738B73D00D3DA48 /* ContentView.swift in Sources */ = {isa = PBXBuildFile; fileRef = 499228AB2738B73D00D3DA48 /* ContentView.swift */; };
		499228AE2738B74600D3DA48 /* Assets.xcassets in Resources */ = {isa = PBXBuildFile; fileRef = 499228AD2738B74600D3DA48 /* Assets.xcassets */; };
		499228B12738B74600D3DA48 /* Preview Assets.xcassets in Resources */ = {isa = PBXBuildFile; fileRef = 499228B02738B74600D3DA48 /* Preview Assets.xcassets */; };
		499228C22738BA1800D3DA48 /* CubeRow.swift in Sources */ = {isa = PBXBuildFile; fileRef = 499228B92738BA1800D3DA48 /* CubeRow.swift */; };
		499228C32738BA1800D3DA48 /* cube.swift in Sources */ = {isa = PBXBuildFile; fileRef = 499228BA2738BA1800D3DA48 /* cube.swift */; };
		499228C42738BA1800D3DA48 /* cubeDetail.swift in Sources */ = {isa = PBXBuildFile; fileRef = 499228BB2738BA1800D3DA48 /* cubeDetail.swift */; };
		499228C52738BA1800D3DA48 /* PhoneList.swift in Sources */ = {isa = PBXBuildFile; fileRef = 499228BC2738BA1800D3DA48 /* PhoneList.swift */; };
		499228C62738BA1800D3DA48 /* phoneView.swift in Sources */ = {isa = PBXBuildFile; fileRef = 499228BD2738BA1800D3DA48 /* phoneView.swift */; };
		499228C72738BA1800D3DA48 /* otherCubeView.swift in Sources */ = {isa = PBXBuildFile; fileRef = 499228BE2738BA1800D3DA48 /* otherCubeView.swift */; };
		499228C82738BA1800D3DA48 /* phone.swift in Sources */ = {isa = PBXBuildFile; fileRef = 499228BF2738BA1800D3DA48 /* phone.swift */; };
		499228C92738BA1800D3DA48 /* PhoneRow.swift in Sources */ = {isa = PBXBuildFile; fileRef = 499228C02738BA1800D3DA48 /* PhoneRow.swift */; };
		499228CA2738BA1800D3DA48 /* worldRecordView.swift in Sources */ = {isa = PBXBuildFile; fileRef = 499228C12738BA1800D3DA48 /* worldRecordView.swift */; };
		499228D52739072F00D3DA48 /* videoView.swift in Sources */ = {isa = PBXBuildFile; fileRef = 499228D42739072F00D3DA48 /* videoView.swift */; };
/* End PBXBuildFile section */

/* Begin PBXFileReference section */
		493C7F8327394518001C3DAF /* AllcubesView.swift */ = {isa = PBXFileReference; lastKnownFileType = sourcecode.swift; name = AllcubesView.swift; path = "/Users/user16/Desktop/Cube Introduction/Cube Introduction/AllcubesView.swift"; sourceTree = "<absolute>"; };
		493C7F8627395D81001C3DAF /* AnimationView.swift */ = {isa = PBXFileReference; lastKnownFileType = sourcecode.swift; path = AnimationView.swift; sourceTree = "<group>"; };
		499228A62738B73D00D3DA48 /* Cube Introduction.app */ = {isa = PBXFileReference; explicitFileType = wrapper.application; includeInIndex = 0; path = "Cube Introduction.app"; sourceTree = BUILT_PRODUCTS_DIR; };
		499228A92738B73D00D3DA48 /* Cube_IntroductionApp.swift */ = {isa = PBXFileReference; lastKnownFileType = sourcecode.swift; path = Cube_IntroductionApp.swift; sourceTree = "<group>"; };
		499228AB2738B73D00D3DA48 /* ContentView.swift */ = {isa = PBXFileReference; lastKnownFileType = sourcecode.swift; path = ContentView.swift; sourceTree = "<group>"; };
		499228AD2738B74600D3DA48 /* Assets.xcassets */ = {isa = PBXFileReference; lastKnownFileType = folder.assetcatalog; path = Assets.xcassets; sourceTree = "<group>"; };
		499228B02738B74600D3DA48 /* Preview Assets.xcassets */ = {isa = PBXFileReference; lastKnownFileType = folder.assetcatalog; path = "Preview Assets.xcassets"; sourceTree = "<group>"; };
		499228B22738B74600D3DA48 /* Info.plist */ = {isa = PBXFileReference; lastKnownFileType = text.plist.xml; path = Info.plist; sourceTree = "<group>"; };
		499228B92738BA1800D3DA48 /* CubeRow.swift */ = {isa = PBXFileReference; fileEncoding = 4; lastKnownFileType = sourcecode.swift; path = CubeRow.swift; sourceTree = "<group>"; };
		499228BA2738BA1800D3DA48 /* cube.swift */ = {isa = PBXFileReference; fileEncoding = 4; lastKnownFileType = sourcecode.swift; path = cube.swift; sourceTree = "<group>"; };
		499228BB2738BA1800D3DA48 /* cubeDetail.swift */ = {isa = PBXFileReference; fileEncoding = 4; lastKnownFileType = sourcecode.swift; path = cubeDetail.swift; sourceTree = "<group>"; };
		499228BC2738BA1800D3DA48 /* PhoneList.swift */ = {isa = PBXFileReference; fileEncoding = 4; lastKnownFileType = sourcecode.swift; path = PhoneList.swift; sourceTree = "<group>"; };
		499228BD2738BA1800D3DA48 /* phoneView.swift */ = {isa = PBXFileReference; fileEncoding = 4; lastKnownFileType = sourcecode.swift; path = phoneView.swift; sourceTree = "<group>"; };
		499228BE2738BA1800D3DA48 /* otherCubeView.swift */ = {isa = PBXFileReference; fileEncoding = 4; lastKnownFileType = sourcecode.swift; path = otherCubeView.swift; sourceTree = "<group>"; };
		499228BF2738BA1800D3DA48 /* phone.swift */ = {isa = PBXFileReference; fileEncoding = 4; lastKnownFileType = sourcecode.swift; path = phone.swift; sourceTree = "<group>"; };
		499228C02738BA1800D3DA48 /* PhoneRow.swift */ = {isa = PBXFileReference; fileEncoding = 4; lastKnownFileType = sourcecode.swift; path = PhoneRow.swift; sourceTree = "<group>"; };
		499228C12738BA1800D3DA48 /* worldRecordView.swift */ = {isa = PBXFileReference; fileEncoding = 4; lastKnownFileType = sourcecode.swift; path = worldRecordView.swift; sourceTree = "<group>"; };
		499228D42739072F00D3DA48 /* videoView.swift */ = {isa = PBXFileReference; lastKnownFileType = sourcecode.swift; path = videoView.swift; sourceTree = "<group>"; };
/* End PBXFileReference section */

/* Begin PBXFrameworksBuildPhase section */
		499228A32738B73D00D3DA48 /* Frameworks */ = {
			isa = PBXFrameworksBuildPhase;
			buildActionMask = 2147483647;
			files = (
			);
			runOnlyForDeploymentPostprocessing = 0;
		};
/* End PBXFrameworksBuildPhase section */

/* Begin PBXGroup section */
		4992289D2738B73D00D3DA48 = {
			isa = PBXGroup;
			children = (
				499228A82738B73D00D3DA48 /* Cube Introduction */,
				499228A72738B73D00D3DA48 /* Products */,
			);
			sourceTree = "<group>";
		};
		499228A72738B73D00D3DA48 /* Products */ = {
			isa = PBXGroup;
			children = (
				499228A62738B73D00D3DA48 /* Cube Introduction.app */,
			);
			name = Products;
			sourceTree = "<group>";
		};
		499228A82738B73D00D3DA48 /* Cube Introduction */ = {
			isa = PBXGroup;
			children = (
				493C7F8327394518001C3DAF /* AllcubesView.swift */,
				499228A92738B73D00D3DA48 /* Cube_IntroductionApp.swift */,
				499228AB2738B73D00D3DA48 /* ContentView.swift */,
				499228BA2738BA1800D3DA48 /* cube.swift */,
				499228BB2738BA1800D3DA48 /* cubeDetail.swift */,
				499228B92738BA1800D3DA48 /* CubeRow.swift */,
				499228BE2738BA1800D3DA48 /* otherCubeView.swift */,
				499228C12738BA1800D3DA48 /* worldRecordView.swift */,
				493C7F8627395D81001C3DAF /* AnimationView.swift */,
				499228D42739072F00D3DA48 /* videoView.swift */,
				499228AD2738B74600D3DA48 /* Assets.xcassets */,
				499228B22738B74600D3DA48 /* Info.plist */,
				499228AF2738B74600D3DA48 /* Preview Content */,
			);
			path = "Cube Introduction";
			sourceTree = "<group>";
		};
		499228AF2738B74600D3DA48 /* Preview Content */ = {
			isa = PBXGroup;
			children = (
				499228BF2738BA1800D3DA48 /* phone.swift */,
				499228BC2738BA1800D3DA48 /* PhoneList.swift */,
				499228C02738BA1800D3DA48 /* PhoneRow.swift */,
				499228BD2738BA1800D3DA48 /* phoneView.swift */,
				499228B02738B74600D3DA48 /* Preview Assets.xcassets */,
			);
			path = "Preview Content";
			sourceTree = "<group>";
		};
/* End PBXGroup section */

/* Begin PBXNativeTarget section */
		499228A52738B73D00D3DA48 /* Cube Introduction */ = {
			isa = PBXNativeTarget;
			buildConfigurationList = 499228B52738B74600D3DA48 /* Build configuration list for PBXNativeTarget "Cube Introduction" */;
			buildPhases = (
				499228A22738B73D00D3DA48 /* Sources */,
				499228A32738B73D00D3DA48 /* Frameworks */,
				499228A42738B73D00D3DA48 /* Resources */,
			);
			buildRules = (
			);
			dependencies = (
			);
			name = "Cube Introduction";
			productName = "Cube Introduction";
			productReference = 499228A62738B73D00D3DA48 /* Cube Introduction.app */;
			productType = "com.apple.product-type.application";
		};
/* End PBXNativeTarget section */

/* Begin PBXProject section */
		4992289E2738B73D00D3DA48 /* Project object */ = {
			isa = PBXProject;
			attributes = {
				LastSwiftUpdateCheck = 1240;
				LastUpgradeCheck = 1240;
				TargetAttributes = {
					499228A52738B73D00D3DA48 = {
						CreatedOnToolsVersion = 12.4;
					};
				};
			};
			buildConfigurationList = 499228A12738B73D00D3DA48 /* Build configuration list for PBXProject "Cube Introduction" */;
			compatibilityVersion = "Xcode 9.3";
			developmentRegion = en;
			hasScannedForEncodings = 0;
			knownRegions = (
				en,
				Base,
			);
			mainGroup = 4992289D2738B73D00D3DA48;
			productRefGroup = 499228A72738B73D00D3DA48 /* Products */;
			projectDirPath = "";
			projectRoot = "";
			targets = (
				499228A52738B73D00D3DA48 /* Cube Introduction */,
			);
		};
/* End PBXProject section */

/* Begin PBXResourcesBuildPhase section */
		499228A42738B73D00D3DA48 /* Resources */ = {
			isa = PBXResourcesBuildPhase;
			buildActionMask = 2147483647;
			files = (
				499228B12738B74600D3DA48 /* Preview Assets.xcassets in Resources */,
				499228AE2738B74600D3DA48 /* Assets.xcassets in Resources */,
			);
			runOnlyForDeploymentPostprocessing = 0;
		};
/* End PBXResourcesBuildPhase section */

/* Begin PBXSourcesBuildPhase section */
		499228A22738B73D00D3DA48 /* Sources */ = {
			isa = PBXSourcesBuildPhase;
			buildActionMask = 2147483647;
			files = (
				499228C52738BA1800D3DA48 /* PhoneList.swift in Sources */,
				499228C92738BA1800D3DA48 /* PhoneRow.swift in Sources */,
				499228C42738BA1800D3DA48 /* cubeDetail.swift in Sources */,
				499228C82738BA1800D3DA48 /* phone.swift in Sources */,
				499228D52739072F00D3DA48 /* videoView.swift in Sources */,
				499228C72738BA1800D3DA48 /* otherCubeView.swift in Sources */,
				499228CA2738BA1800D3DA48 /* worldRecordView.swift in Sources */,
				499228C62738BA1800D3DA48 /* phoneView.swift in Sources */,
				499228C32738BA1800D3DA48 /* cube.swift in Sources */,
				493C7F8427394518001C3DAF /* AllcubesView.swift in Sources */,
				499228AC2738B73D00D3DA48 /* ContentView.swift in Sources */,
				493C7F8727395D81001C3DAF /* AnimationView.swift in Sources */,
				499228AA2738B73D00D3DA48 /* Cube_IntroductionApp.swift in Sources */,
				499228C22738BA1800D3DA48 /* CubeRow.swift in Sources */,
			);
			runOnlyForDeploymentPostprocessing = 0;
		};
/* End PBXSourcesBuildPhase section */

/* Begin XCBuildConfiguration section */
		499228B32738B74600D3DA48 /* Debug */ = {
			isa = XCBuildConfiguration;
			buildSettings = {
				ALWAYS_SEARCH_USER_PATHS = NO;
				CLANG_ANALYZER_NONNULL = YES;
				CLANG_ANALYZER_NUMBER_OBJECT_CONVERSION = YES_AGGRESSIVE;
				CLANG_CXX_LANGUAGE_STANDARD = "gnu++14";
				CLANG_CXX_LIBRARY = "libc++";
				CLANG_ENABLE_MODULES = YES;
				CLANG_ENABLE_OBJC_ARC = YES;
				CLANG_ENABLE_OBJC_WEAK = YES;
				CLANG_WARN_BLOCK_CAPTURE_AUTORELEASING = YES;
				CLANG_WARN_BOOL_CONVERSION = YES;
				CLANG_WARN_COMMA = YES;
				CLANG_WARN_CONSTANT_CONVERSION = YES;
				CLANG_WARN_DEPRECATED_OBJC_IMPLEMENTATIONS = YES;
				CLANG_WARN_DIRECT_OBJC_ISA_USAGE = YES_ERROR;
				CLANG_WARN_DOCUMENTATION_COMMENTS = YES;
				CLANG_WARN_EMPTY_BODY = YES;
				CLANG_WARN_ENUM_CONVERSION = YES;
				CLANG_WARN_INFINITE_RECURSION = YES;
				CLANG_WARN_INT_CONVERSION = YES;
				CLANG_WARN_NON_LITERAL_NULL_CONVERSION = YES;
				CLANG_WARN_OBJC_IMPLICIT_RETAIN_SELF = YES;
				CLANG_WARN_OBJC_LITERAL_CONVERSION = YES;
				CLANG_WARN_OBJC_ROOT_CLASS = YES_ERROR;
				CLANG_WARN_QUOTED_INCLUDE_IN_FRAMEWORK_HEADER = YES;
				CLANG_WARN_RANGE_LOOP_ANALYSIS = YES;
				CLANG_WARN_STRICT_PROTOTYPES = YES;
				CLANG_WARN_SUSPICIOUS_MOVE = YES;
				CLANG_WARN_UNGUARDED_AVAILABILITY = YES_AGGRESSIVE;
				CLANG_WARN_UNREACHABLE_CODE = YES;
				CLANG_WARN__DUPLICATE_METHOD_MATCH = YES;
				COPY_PHASE_STRIP = NO;
				DEBUG_INFORMATION_FORMAT = dwarf;
				ENABLE_STRICT_OBJC_MSGSEND = YES;
				ENABLE_TESTABILITY = YES;
				GCC_C_LANGUAGE_STANDARD = gnu11;
				GCC_DYNAMIC_NO_PIC = NO;
				GCC_NO_COMMON_BLOCKS = YES;
				GCC_OPTIMIZATION_LEVEL = 0;
				GCC_PREPROCESSOR_DEFINITIONS = (
					"DEBUG=1",
					"$(inherited)",
				);
				GCC_WARN_64_TO_32_BIT_CONVERSION = YES;
				GCC_WARN_ABOUT_RETURN_TYPE = YES_ERROR;
				GCC_WARN_UNDECLARED_SELECTOR = YES;
				GCC_WARN_UNINITIALIZED_AUTOS = YES_AGGRESSIVE;
				GCC_WARN_UNUSED_FUNCTION = YES;
				GCC_WARN_UNUSED_VARIABLE = YES;
				IPHONEOS_DEPLOYMENT_TARGET = 14.4;
				MTL_ENABLE_DEBUG_INFO = INCLUDE_SOURCE;
				MTL_FAST_MATH = YES;
				ONLY_ACTIVE_ARCH = YES;
				SDKROOT = iphoneos;
				SWIFT_ACTIVE_COMPILATION_CONDITIONS = DEBUG;
				SWIFT_OPTIMIZATION_LEVEL = "-Onone";
			};
			name = Debug;
		};
		499228B42738B74600D3DA48 /* Release */ = {
			isa = XCBuildConfiguration;
			buildSettings = {
				ALWAYS_SEARCH_USER_PATHS = NO;
				CLANG_ANALYZER_NONNULL = YES;
				CLANG_ANALYZER_NUMBER_OBJECT_CONVERSION = YES_AGGRESSIVE;
				CLANG_CXX_LANGUAGE_STANDARD = "gnu++14";
				CLANG_CXX_LIBRARY = "libc++";
				CLANG_ENABLE_MODULES = YES;
				CLANG_ENABLE_OBJC_ARC = YES;
				CLANG_ENABLE_OBJC_WEAK = YES;
				CLANG_WARN_BLOCK_CAPTURE_AUTORELEASING = YES;
				CLANG_WARN_BOOL_CONVERSION = YES;
				CLANG_WARN_COMMA = YES;
				CLANG_WARN_CONSTANT_CONVERSION = YES;
				CLANG_WARN_DEPRECATED_OBJC_IMPLEMENTATIONS = YES;
				CLANG_WARN_DIRECT_OBJC_ISA_USAGE = YES_ERROR;
				CLANG_WARN_DOCUMENTATION_COMMENTS = YES;
				CLANG_WARN_EMPTY_BODY = YES;
				CLANG_WARN_ENUM_CONVERSION = YES;
				CLANG_WARN_INFINITE_RECURSION = YES;
				CLANG_WARN_INT_CONVERSION = YES;
				CLANG_WARN_NON_LITERAL_NULL_CONVERSION = YES;
				CLANG_WARN_OBJC_IMPLICIT_RETAIN_SELF = YES;
				CLANG_WARN_OBJC_LITERAL_CONVERSION = YES;
				CLANG_WARN_OBJC_ROOT_CLASS = YES_ERROR;
				CLANG_WARN_QUOTED_INCLUDE_IN_FRAMEWORK_HEADER = YES;
				CLANG_WARN_RANGE_LOOP_ANALYSIS = YES;
				CLANG_WARN_STRICT_PROTOTYPES = YES;
				CLANG_WARN_SUSPICIOUS_MOVE = YES;
				CLANG_WARN_UNGUARDED_AVAILABILITY = YES_AGGRESSIVE;
				CLANG_WARN_UNREACHABLE_CODE = YES;
				CLANG_WARN__DUPLICATE_METHOD_MATCH = YES;
				COPY_PHASE_STRIP = NO;
				DEBUG_INFORMATION_FORMAT = "dwarf-with-dsym";
				ENABLE_NS_ASSERTIONS = NO;
				ENABLE_STRICT_OBJC_MSGSEND = YES;
				GCC_C_LANGUAGE_STANDARD = gnu11;
				GCC_NO_COMMON_BLOCKS = YES;
				GCC_WARN_64_TO_32_BIT_CONVERSION = YES;
				GCC_WARN_ABOUT_RETURN_TYPE = YES_ERROR;
				GCC_WARN_UNDECLARED_SELECTOR = YES;
				GCC_WARN_UNINITIALIZED_AUTOS = YES_AGGRESSIVE;
				GCC_WARN_UNUSED_FUNCTION = YES;
				GCC_WARN_UNUSED_VARIABLE = YES;
				IPHONEOS_DEPLOYMENT_TARGET = 14.4;
				MTL_ENABLE_DEBUG_INFO = NO;
				MTL_FAST_MATH = YES;
				SDKROOT = iphoneos;
				SWIFT_COMPILATION_MODE = wholemodule;
				SWIFT_OPTIMIZATION_LEVEL = "-O";
				VALIDATE_PRODUCT = YES;
			};
			name = Release;
		};
		499228B62738B74600D3DA48 /* Debug */ = {
			isa = XCBuildConfiguration;
			buildSettings = {
				ASSETCATALOG_COMPILER_APPICON_NAME = AppIcon;
				ASSETCATALOG_COMPILER_GLOBAL_ACCENT_COLOR_NAME = AccentColor;
				CODE_SIGN_STYLE = Automatic;
				DEVELOPMENT_ASSET_PATHS = "\"Cube Introduction/Preview Content\"";
				ENABLE_PREVIEWS = YES;
				INFOPLIST_FILE = "Cube Introduction/Info.plist";
				IPHONEOS_DEPLOYMENT_TARGET = 14.0;
				LD_RUNPATH_SEARCH_PATHS = (
					"$(inherited)",
					"@executable_path/Frameworks",
				);
				PRODUCT_BUNDLE_IDENTIFIER = "leo.com.Cube-Introduction";
				PRODUCT_NAME = "$(TARGET_NAME)";
				SWIFT_VERSION = 5.0;
				TARGETED_DEVICE_FAMILY = "1,2";
			};
			name = Debug;
		};
		499228B72738B74600D3DA48 /* Release */ = {
			isa = XCBuildConfiguration;
			buildSettings = {
				ASSETCATALOG_COMPILER_APPICON_NAME = AppIcon;
				ASSETCATALOG_COMPILER_GLOBAL_ACCENT_COLOR_NAME = AccentColor;
				CODE_SIGN_STYLE = Automatic;
				DEVELOPMENT_ASSET_PATHS = "\"Cube Introduction/Preview Content\"";
				ENABLE_PREVIEWS = YES;
				INFOPLIST_FILE = "Cube Introduction/Info.plist";
				IPHONEOS_DEPLOYMENT_TARGET = 14.0;
				LD_RUNPATH_SEARCH_PATHS = (
					"$(inherited)",
					"@executable_path/Frameworks",
				);
				PRODUCT_BUNDLE_IDENTIFIER = "leo.com.Cube-Introduction";
				PRODUCT_NAME = "$(TARGET_NAME)";
				SWIFT_VERSION = 5.0;
				TARGETED_DEVICE_FAMILY = "1,2";
			};
			name = Release;
		};
/* End XCBuildConfiguration section */

/* Begin XCConfigurationList section */
		499228A12738B73D00D3DA48 /* Build configuration list for PBXProject "Cube Introduction" */ = {
			isa = XCConfigurationList;
			buildConfigurations = (
				499228B32738B74600D3DA48 /* Debug */,
				499228B42738B74600D3DA48 /* Release */,
			);
			defaultConfigurationIsVisible = 0;
			defaultConfigurationName = Release;
		};
		499228B52738B74600D3DA48 /* Build configuration list for PBXNativeTarget "Cube Introduction" */ = {
			isa = XCConfigurationList;
			buildConfigurations = (
				499228B62738B74600D3DA48 /* Debug */,
				499228B72738B74600D3DA48 /* Release */,
			);
			defaultConfigurationIsVisible = 0;
			defaultConfigurationName = Release;
		};
/* End XCConfigurationList section */
	};
	rootObject = 4992289E2738B73D00D3DA48 /* Project object */;
}
